<?xml version="1.0" encoding="utf-8"?>
<Project ToolsVersion="4.0" xmlns="http://schemas.microsoft.com/developer/msbuild/2003">
  <ItemGroup>
    <Filter Include="Resource Files">
      <UniqueIdentifier>{67DA6AB6-F800-4c08-8B7A-83BB121AAD01}</UniqueIdentifier>
      <Extensions>rc;ico;cur;bmp;dlg;rc2;rct;bin;rgs;gif;jpg;jpeg;jpe;resx;tiff;tif;png;wav;mfcribbon-ms</Extensions>
    </Filter>
    <Filter Include="Game Engine">
      <UniqueIdentifier>{1408661e-7dd4-46c8-b820-cb89d143c606}</UniqueIdentifier>
    </Filter>
    <Filter Include="Game">
      <UniqueIdentifier>{75a352fd-3f45-46e6-ae77-13771ee5d391}</UniqueIdentifier>
    </Filter>
    <Filter Include="Game Engine\Headers">
      <UniqueIdentifier>{929d9fb8-f866-47e2-8c90-b46b86f46e11}</UniqueIdentifier>
    </Filter>
    <Filter Include="Game Engine\Source">
      <UniqueIdentifier>{a490fc73-00f3-4b1a-a19c-7eb0acd69a45}</UniqueIdentifier>
    </Filter>
    <Filter Include="Game\Headers">
      <UniqueIdentifier>{f0fad612-2307-4ab7-8801-24f57f297535}</UniqueIdentifier>
    </Filter>
    <Filter Include="Game\Source">
      <UniqueIdentifier>{8fa809c5-d680-42ac-8884-7012e3c21d76}</UniqueIdentifier>
    </Filter>
    <Filter Include="Shaders">
      <UniqueIdentifier>{6dabf243-70fe-4006-a3ab-1cea960180ca}</UniqueIdentifier>
    </Filter>
  </ItemGroup>
  <ItemGroup>
    <ClCompile Include="..\..\Common\Camera.cpp">
      <Filter>Game Engine\Source</Filter>
    </ClCompile>
    <ClCompile Include="..\..\Common\d3dApp.cpp">
      <Filter>Game Engine\Source</Filter>
    </ClCompile>
    <ClCompile Include="..\..\Common\d3dUtil.cpp">
      <Filter>Game Engine\Source</Filter>
    </ClCompile>
    <ClCompile Include="..\..\Common\DDSTextureLoader.cpp">
      <Filter>Game Engine\Source</Filter>
    </ClCompile>
    <ClCompile Include="..\..\Common\GameTimer.cpp">
      <Filter>Game Engine\Source</Filter>
    </ClCompile>
    <ClCompile Include="..\..\Common\GeometryGenerator.cpp">
      <Filter>Game Engine\Source</Filter>
    </ClCompile>
    <ClCompile Include="..\..\Common\MathHelper.cpp">
      <Filter>Game Engine\Source</Filter>
    </ClCompile>
    <ClCompile Include="ControlsState.cpp">
      <Filter>Game\Source</Filter>
    </ClCompile>
    <ClCompile Include="Enemy.cpp">
      <Filter>Game\Source</Filter>
    </ClCompile>
    <ClCompile Include="Entity.cpp">
      <Filter>Game\Source</Filter>
    </ClCompile>
    <ClCompile Include="FrameResource.cpp">
      <Filter>Game\Source</Filter>
    </ClCompile>
    <ClCompile Include="Game.cpp">
      <Filter>Game\Source</Filter>
    </ClCompile>
    <ClCompile Include="GameState.cpp">
      <Filter>Game\Source</Filter>
    </ClCompile>
    <ClCompile Include="Input.cpp">
      <Filter>Game\Source</Filter>
    </ClCompile>
    <ClCompile Include="main.cpp">
      <Filter>Game\Source</Filter>
    </ClCompile>
    <ClCompile Include="MenuState.cpp">
      <Filter>Game\Source</Filter>
    </ClCompile>
    <ClCompile Include="Player.cpp">
      <Filter>Game\Source</Filter>
    </ClCompile>
    <ClCompile Include="SceneNode.cpp">
      <Filter>Game\Source</Filter>
    </ClCompile>
    <ClCompile Include="SpriteNode.cpp">
      <Filter>Game\Source</Filter>
    </ClCompile>
    <ClCompile Include="State.cpp">
      <Filter>Game\Source</Filter>
    </ClCompile>
    <ClCompile Include="StateMachine.cpp">
      <Filter>Game\Source</Filter>
    </ClCompile>
    <ClCompile Include="TitleState.cpp">
      <Filter>Game\Source</Filter>
    </ClCompile>
  </ItemGroup>
  <ItemGroup>
    <ClInclude Include="..\..\Common\Camera.h">
      <Filter>Game Engine\Headers</Filter>
    </ClInclude>
    <ClInclude Include="..\..\Common\d3dApp.h">
      <Filter>Game Engine\Headers</Filter>
    </ClInclude>
    <ClInclude Include="..\..\Common\d3dUtil.h">
      <Filter>Game Engine\Headers</Filter>
    </ClInclude>
    <ClInclude Include="..\..\Common\d3dx12.h">
      <Filter>Game Engine\Headers</Filter>
    </ClInclude>
    <ClInclude Include="..\..\Common\DDSTextureLoader.h">
      <Filter>Game Engine\Headers</Filter>
    </ClInclude>
    <ClInclude Include="..\..\Common\GameTimer.h">
      <Filter>Game Engine\Headers</Filter>
    </ClInclude>
    <ClInclude Include="..\..\Common\GeometryGenerator.h">
      <Filter>Game Engine\Headers</Filter>
    </ClInclude>
    <ClInclude Include="..\..\Common\MathHelper.h">
      <Filter>Game Engine\Headers</Filter>
    </ClInclude>
    <ClInclude Include="..\..\Common\UploadBuffer.h">
      <Filter>Game Engine\Headers</Filter>
    </ClInclude>
    <ClInclude Include="ControlsState.h">
      <Filter>Game\Headers</Filter>
    </ClInclude>
    <ClInclude Include="Enemy.h">
      <Filter>Game\Headers</Filter>
    </ClInclude>
    <ClInclude Include="FrameResource.h">
      <Filter>Game\Headers</Filter>
    </ClInclude>
    <ClInclude Include="GameState.h">
      <Filter>Game\Headers</Filter>
    </ClInclude>
    <ClInclude Include="Input.h">
      <Filter>Game\Headers</Filter>
    </ClInclude>
    <ClInclude Include="MenuState.h">
      <Filter>Game\Headers</Filter>
    </ClInclude>
    <ClInclude Include="Player.h">
      <Filter>Game\Headers</Filter>
    </ClInclude>
    <ClInclude Include="SpriteNode.h">
      <Filter>Game\Headers</Filter>
    </ClInclude>
    <ClInclude Include="State.h">
      <Filter>Game\Headers</Filter>
    </ClInclude>
    <ClInclude Include="StateList.h">
      <Filter>Game\Headers</Filter>
    </ClInclude>
    <ClInclude Include="StateMachine.h">
      <Filter>Game\Headers</Filter>
    </ClInclude>
    <ClInclude Include="TitleState.h">
      <Filter>Game\Headers</Filter>
    </ClInclude>
    <ClInclude Include="Entity.hpp">
      <Filter>Game\Headers</Filter>
    </ClInclude>
    <ClInclude Include="Game.hpp">
      <Filter>Game\Headers</Filter>
    </ClInclude>
    <ClInclude Include="SceneNode.hpp">
      <Filter>Game\Headers</Filter>
    </ClInclude>
  </ItemGroup>
  <ItemGroup>
    <FxCompile Include="Shaders\LightingUtil.hlsl">
      <Filter>Shaders</Filter>
    </FxCompile>
    <FxCompile Include="Shaders\Default.hlsl">
      <Filter>Shaders</Filter>
    </FxCompile>
  </ItemGroup>
</Project>